// !$*UTF8*$!
{
	archiveVersion = 1;
	classes = {
	};
	objectVersion = 46;
	objects = {

/* Begin PBXBuildFile section */
		A73897861F5D656A00A3C0CD /* AudioSessionHelper.swift in Sources */ = {isa = PBXBuildFile; fileRef = A73897851F5D656A00A3C0CD /* AudioSessionHelper.swift */; };
		A73897881F5D6BD000A3C0CD /* PlaySoundsViewController.swift in Sources */ = {isa = PBXBuildFile; fileRef = A73897871F5D6BD000A3C0CD /* PlaySoundsViewController.swift */; };
		A738978A1F5D8C4500A3C0CD /* PlaySoundsViewController+Audio.swift in Sources */ = {isa = PBXBuildFile; fileRef = A73897891F5D8C4500A3C0CD /* PlaySoundsViewController+Audio.swift */; };
		A77EB4491F5ABE0A00D1B9BD /* AppDelegate.swift in Sources */ = {isa = PBXBuildFile; fileRef = A77EB4481F5ABE0A00D1B9BD /* AppDelegate.swift */; };
		A77EB44B1F5ABE0A00D1B9BD /* RecordViewController.swift in Sources */ = {isa = PBXBuildFile; fileRef = A77EB44A1F5ABE0A00D1B9BD /* RecordViewController.swift */; };
		A77EB44E1F5ABE0A00D1B9BD /* Audio.storyboard in Resources */ = {isa = PBXBuildFile; fileRef = A77EB44C1F5ABE0A00D1B9BD /* Audio.storyboard */; };
		A77EB4501F5ABE0A00D1B9BD /* Assets.xcassets in Resources */ = {isa = PBXBuildFile; fileRef = A77EB44F1F5ABE0A00D1B9BD /* Assets.xcassets */; };
		A77EB4531F5ABE0A00D1B9BD /* LaunchScreen.storyboard in Resources */ = {isa = PBXBuildFile; fileRef = A77EB4511F5ABE0A00D1B9BD /* LaunchScreen.storyboard */; };
/* End PBXBuildFile section */

/* Begin PBXFileReference section */
		A73897851F5D656A00A3C0CD /* AudioSessionHelper.swift */ = {isa = PBXFileReference; fileEncoding = 4; lastKnownFileType = sourcecode.swift; path = AudioSessionHelper.swift; sourceTree = "<group>"; };
		A73897871F5D6BD000A3C0CD /* PlaySoundsViewController.swift */ = {isa = PBXFileReference; fileEncoding = 4; lastKnownFileType = sourcecode.swift; path = PlaySoundsViewController.swift; sourceTree = "<group>"; };
		A73897891F5D8C4500A3C0CD /* PlaySoundsViewController+Audio.swift */ = {isa = PBXFileReference; fileEncoding = 4; lastKnownFileType = sourcecode.swift; path = "PlaySoundsViewController+Audio.swift"; sourceTree = "<group>"; };
		A77EB4451F5ABE0A00D1B9BD /* PitchPerfect.app */ = {isa = PBXFileReference; explicitFileType = wrapper.application; includeInIndex = 0; path = PitchPerfect.app; sourceTree = BUILT_PRODUCTS_DIR; };
		A77EB4481F5ABE0A00D1B9BD /* AppDelegate.swift */ = {isa = PBXFileReference; lastKnownFileType = sourcecode.swift; path = AppDelegate.swift; sourceTree = "<group>"; };
		A77EB44A1F5ABE0A00D1B9BD /* RecordViewController.swift */ = {isa = PBXFileReference; lastKnownFileType = sourcecode.swift; path = RecordViewController.swift; sourceTree = "<group>"; };
		A77EB44D1F5ABE0A00D1B9BD /* Base */ = {isa = PBXFileReference; lastKnownFileType = file.storyboard; name = Base; path = Base.lproj/Audio.storyboard; sourceTree = "<group>"; };
		A77EB44F1F5ABE0A00D1B9BD /* Assets.xcassets */ = {isa = PBXFileReference; lastKnownFileType = folder.assetcatalog; path = Assets.xcassets; sourceTree = "<group>"; };
		A77EB4521F5ABE0A00D1B9BD /* Base */ = {isa = PBXFileReference; lastKnownFileType = file.storyboard; name = Base; path = Base.lproj/LaunchScreen.storyboard; sourceTree = "<group>"; };
		A77EB4541F5ABE0A00D1B9BD /* Info.plist */ = {isa = PBXFileReference; lastKnownFileType = text.plist.xml; path = Info.plist; sourceTree = "<group>"; };
/* End PBXFileReference section */

/* Begin PBXFrameworksBuildPhase section */
		A77EB4421F5ABE0A00D1B9BD /* Frameworks */ = {
			isa = PBXFrameworksBuildPhase;
			buildActionMask = 2147483647;
			files = (
			);
			runOnlyForDeploymentPostprocessing = 0;
		};
/* End PBXFrameworksBuildPhase section */

/* Begin PBXGroup section */
		A77EB43C1F5ABE0A00D1B9BD = {
			isa = PBXGroup;
			children = (
				A77EB4471F5ABE0A00D1B9BD /* PitchPerfect */,
				A77EB4461F5ABE0A00D1B9BD /* Products */,
			);
			sourceTree = "<group>";
		};
		A77EB4461F5ABE0A00D1B9BD /* Products */ = {
			isa = PBXGroup;
			children = (
				A77EB4451F5ABE0A00D1B9BD /* PitchPerfect.app */,
			);
			name = Products;
			sourceTree = "<group>";
		};
		A77EB4471F5ABE0A00D1B9BD /* PitchPerfect */ = {
			isa = PBXGroup;
			children = (
				A77EB4481F5ABE0A00D1B9BD /* AppDelegate.swift */,
				A77EB44A1F5ABE0A00D1B9BD /* RecordViewController.swift */,
				A77EB44C1F5ABE0A00D1B9BD /* Audio.storyboard */,
				A77EB44F1F5ABE0A00D1B9BD /* Assets.xcassets */,
				A77EB4511F5ABE0A00D1B9BD /* LaunchScreen.storyboard */,
				A77EB4541F5ABE0A00D1B9BD /* Info.plist */,
				A73897851F5D656A00A3C0CD /* AudioSessionHelper.swift */,
				A73897871F5D6BD000A3C0CD /* PlaySoundsViewController.swift */,
				A73897891F5D8C4500A3C0CD /* PlaySoundsViewController+Audio.swift */,
			);
			path = PitchPerfect;
			sourceTree = "<group>";
		};
/* End PBXGroup section */

/* Begin PBXNativeTarget section */
		A77EB4441F5ABE0A00D1B9BD /* PitchPerfect */ = {
			isa = PBXNativeTarget;
			buildConfigurationList = A77EB4571F5ABE0A00D1B9BD /* Build configuration list for PBXNativeTarget "PitchPerfect" */;
			buildPhases = (
				A77EB4411F5ABE0A00D1B9BD /* Sources */,
				A77EB4421F5ABE0A00D1B9BD /* Frameworks */,
				A77EB4431F5ABE0A00D1B9BD /* Resources */,
			);
			buildRules = (
			);
			dependencies = (
			);
			name = PitchPerfect;
			productName = PitchPerfect;
			productReference = A77EB4451F5ABE0A00D1B9BD /* PitchPerfect.app */;
			productType = "com.apple.product-type.application";
		};
/* End PBXNativeTarget section */

/* Begin PBXProject section */
		A77EB43D1F5ABE0A00D1B9BD /* Project object */ = {
			isa = PBXProject;
			attributes = {
				LastSwiftUpdateCheck = 0830;
				LastUpgradeCheck = 0830;
				ORGANIZATIONNAME = "Leonardo Ferreira";
				TargetAttributes = {
					A77EB4441F5ABE0A00D1B9BD = {
						CreatedOnToolsVersion = 8.3.3;
						ProvisioningStyle = Automatic;
					};
				};
			};
			buildConfigurationList = A77EB4401F5ABE0A00D1B9BD /* Build configuration list for PBXProject "PitchPerfect" */;
			compatibilityVersion = "Xcode 3.2";
			developmentRegion = English;
			hasScannedForEncodings = 0;
			knownRegions = (
				en,
				Base,
			);
			mainGroup = A77EB43C1F5ABE0A00D1B9BD;
			productRefGroup = A77EB4461F5ABE0A00D1B9BD /* Products */;
			projectDirPath = "";
			projectRoot = "";
			targets = (
				A77EB4441F5ABE0A00D1B9BD /* PitchPerfect */,
			);
		};
/* End PBXProject section */

/* Begin PBXResourcesBuildPhase section */
		A77EB4431F5ABE0A00D1B9BD /* Resources */ = {
			isa = PBXResourcesBuildPhase;
			buildActionMask = 2147483647;
			files = (
				A77EB4531F5ABE0A00D1B9BD /* LaunchScreen.storyboard in Resources */,
				A77EB4501F5ABE0A00D1B9BD /* Assets.xcassets in Resources */,
				A77EB44E1F5ABE0A00D1B9BD /* Audio.storyboard in Resources */,
			);
			runOnlyForDeploymentPostprocessing = 0;
		};
/* End PBXResourcesBuildPhase section */

/* Begin PBXSourcesBuildPhase section */
		A77EB4411F5ABE0A00D1B9BD /* Sources */ = {
			isa = PBXSourcesBuildPhase;
			buildActionMask = 2147483647;
			files = (
				A738978A1F5D8C4500A3C0CD /* PlaySoundsViewController+Audio.swift in Sources */,
				A73897861F5D656A00A3C0CD /* AudioSessionHelper.swift in Sources */,
				A77EB44B1F5ABE0A00D1B9BD /* RecordViewController.swift in Sources */,
				A73897881F5D6BD000A3C0CD /* PlaySoundsViewController.swift in Sources */,
				A77EB4491F5ABE0A00D1B9BD /* AppDelegate.swift in Sources */,
			);
			runOnlyForDeploymentPostprocessing = 0;
		};
/* End PBXSourcesBuildPhase section */

/* Begin PBXVariantGroup section */
		A77EB44C1F5ABE0A00D1B9BD /* Audio.storyboard */ = {
			isa = PBXVariantGroup;
			children = (
				A77EB44D1F5ABE0A00D1B9BD /* Base */,
			);
			name = Audio.storyboard;
			sourceTree = "<group>";
		};
		A77EB4511F5ABE0A00D1B9BD /* LaunchScreen.storyboard */ = {
			isa = PBXVariantGroup;
			children = (
				A77EB4521F5ABE0A00D1B9BD /* Base */,
			);
			name = LaunchScreen.storyboard;
			sourceTree = "<group>";
		};
/* End PBXVariantGroup section */

/* Begin XCBuildConfiguration section */
		A77EB4551F5ABE0A00D1B9BD /* Debug */ = {
			isa = XCBuildConfiguration;
			buildSettings = {
				ALWAYS_SEARCH_USER_PATHS = NO;
				CLANG_ANALYZER_NONNULL = YES;
				CLANG_ANALYZER_NUMBER_OBJECT_CONVERSION = YES_AGGRESSIVE;
				CLANG_CXX_LANGUAGE_STANDARD = "gnu++0x";
				CLANG_CXX_LIBRARY = "libc++";
				CLANG_ENABLE_MODULES = YES;
				CLANG_ENABLE_OBJC_ARC = YES;
				CLANG_WARN_BOOL_CONVERSION = YES;
				CLANG_WARN_CONSTANT_CONVERSION = YES;
				CLANG_WARN_DIRECT_OBJC_ISA_USAGE = YES_ERROR;
				CLANG_WARN_DOCUMENTATION_COMMENTS = YES;
				CLANG_WARN_EMPTY_BODY = YES;
				CLANG_WARN_ENUM_CONVERSION = YES;
				CLANG_WARN_INFINITE_RECURSION = YES;
				CLANG_WARN_INT_CONVERSION = YES;
				CLANG_WARN_OBJC_ROOT_CLASS = YES_ERROR;
				CLANG_WARN_SUSPICIOUS_MOVE = YES;
				CLANG_WARN_UNREACHABLE_CODE = YES;
				CLANG_WARN__DUPLICATE_METHOD_MATCH = YES;
				"CODE_SIGN_IDENTITY[sdk=iphoneos*]" = "iPhone Developer";
				COPY_PHASE_STRIP = NO;
				DEBUG_INFORMATION_FORMAT = dwarf;
				ENABLE_STRICT_OBJC_MSGSEND = YES;
				ENABLE_TESTABILITY = YES;
				GCC_C_LANGUAGE_STANDARD = gnu99;
				GCC_DYNAMIC_NO_PIC = NO;
				GCC_NO_COMMON_BLOCKS = YES;
				GCC_OPTIMIZATION_LEVEL = 0;
				GCC_PREPROCESSOR_DEFINITIONS = (
					"DEBUG=1",
					"$(inherited)",
				);
				GCC_WARN_64_TO_32_BIT_CONVERSION = YES;
				GCC_WARN_ABOUT_RETURN_TYPE = YES_ERROR;
				GCC_WARN_UNDECLARED_SELECTOR = YES;
				GCC_WARN_UNINITIALIZED_AUTOS = YES_AGGRESSIVE;
				GCC_WARN_UNUSED_FUNCTION = YES;
				GCC_WARN_UNUSED_VARIABLE = YES;
				IPHONEOS_DEPLOYMENT_TARGET = 10.3;
				MTL_ENABLE_DEBUG_INFO = YES;
				ONLY_ACTIVE_ARCH = YES;
				SDKROOT = iphoneos;
				SWIFT_ACTIVE_COMPILATION_CONDITIONS = DEBUG;
				SWIFT_OPTIMIZATION_LEVEL = "-Onone";
				TARGETED_DEVICE_FAMILY = "1,2";
			};
			name = Debug;
		};
		A77EB4561F5ABE0A00D1B9BD /* Release */ = {
			isa = XCBuildConfiguration;
			buildSettings = {
				ALWAYS_SEARCH_USER_PATHS = NO;
				CLANG_ANALYZER_NONNULL = YES;
				CLANG_ANALYZER_NUMBER_OBJECT_CONVERSION = YES_AGGRESSIVE;
				CLANG_CXX_LANGUAGE_STANDARD = "gnu++0x";
				CLANG_CXX_LIBRARY = "libc++";
				CLANG_ENABLE_MODULES = YES;
				CLANG_ENABLE_OBJC_ARC = YES;
				CLANG_WARN_BOOL_CONVERSION = YES;
				CLANG_WARN_CONSTANT_CONVERSION = YES;
				CLANG_WARN_DIRECT_OBJC_ISA_USAGE = YES_ERROR;
				CLANG_WARN_DOCUMENTATION_COMMENTS = YES;
				CLANG_WARN_EMPTY_BODY = YES;
				CLANG_WARN_ENUM_CONVERSION = YES;
				CLANG_WARN_INFINITE_RECURSION = YES;
				CLANG_WARN_INT_CONVERSION = YES;
				CLANG_WARN_OBJC_ROOT_CLASS = YES_ERROR;
				CLANG_WARN_SUSPICIOUS_MOVE = YES;
				CLANG_WARN_UNREACHABLE_CODE = YES;
				CLANG_WARN__DUPLICATE_METHOD_MATCH = YES;
				"CODE_SIGN_IDENTITY[sdk=iphoneos*]" = "iPhone Developer";
				COPY_PHASE_STRIP = NO;
				DEBUG_INFORMATION_FORMAT = "dwarf-with-dsym";
				ENABLE_NS_ASSERTIONS = NO;
				ENABLE_STRICT_OBJC_MSGSEND = YES;
				GCC_C_LANGUAGE_STANDARD = gnu99;
				GCC_NO_COMMON_BLOCKS = YES;
				GCC_WARN_64_TO_32_BIT_CONVERSION = YES;
				GCC_WARN_ABOUT_RETURN_TYPE = YES_ERROR;
				GCC_WARN_UNDECLARED_SELECTOR = YES;
				GCC_WARN_UNINITIALIZED_AUTOS = YES_AGGRESSIVE;
				GCC_WARN_UNUSED_FUNCTION = YES;
				GCC_WARN_UNUSED_VARIABLE = YES;
				IPHONEOS_DEPLOYMENT_TARGET = 10.3;
				MTL_ENABLE_DEBUG_INFO = NO;
				SDKROOT = iphoneos;
				SWIFT_OPTIMIZATION_LEVEL = "-Owholemodule";
				TARGETED_DEVICE_FAMILY = "1,2";
				VALIDATE_PRODUCT = YES;
			};
			name = Release;
		};
		A77EB4581F5ABE0A00D1B9BD /* Debug */ = {
			isa = XCBuildConfiguration;
			buildSettings = {
				ASSETCATALOG_COMPILER_APPICON_NAME = AppIcon;
				INFOPLIST_FILE = PitchPerfect/Info.plist;
				LD_RUNPATH_SEARCH_PATHS = "$(inherited) @executable_path/Frameworks";
				PRODUCT_BUNDLE_IDENTIFIER = com.LeonardoFerreira.PitchPerfect;
				PRODUCT_NAME = "$(TARGET_NAME)";
				SWIFT_VERSION = 3.0;
			};
			name = Debug;
		};
		A77EB4591F5ABE0A00D1B9BD /* Release */ = {
			isa = XCBuildConfiguration;
			buildSettings = {
				ASSETCATALOG_COMPILER_APPICON_NAME = AppIcon;
				INFOPLIST_FILE = PitchPerfect/Info.plist;
				LD_RUNPATH_SEARCH_PATHS = "$(inherited) @executable_path/Frameworks";
				PRODUCT_BUNDLE_IDENTIFIER = com.LeonardoFerreira.PitchPerfect;
				PRODUCT_NAME = "$(TARGET_NAME)";
				SWIFT_VERSION = 3.0;
			};
			name = Release;
		};
/* End XCBuildConfiguration section */

/* Begin XCConfigurationList section */
		A77EB4401F5ABE0A00D1B9BD /* Build configuration list for PBXProject "PitchPerfect" */ = {
			isa = XCConfigurationList;
			buildConfigurations = (
				A77EB4551F5ABE0A00D1B9BD /* Debug */,
				A77EB4561F5ABE0A00D1B9BD /* Release */,
			);
			defaultConfigurationIsVisible = 0;
			defaultConfigurationName = Release;
		};
		A77EB4571F5ABE0A00D1B9BD /* Build configuration list for PBXNativeTarget "PitchPerfect" */ = {
			isa = XCConfigurationList;
			buildConfigurations = (
				A77EB4581F5ABE0A00D1B9BD /* Debug */,
				A77EB4591F5ABE0A00D1B9BD /* Release */,
			);
			defaultConfigurationIsVisible = 0;
			defaultConfigurationName = Release;
		};
/* End XCConfigurationList section */
	};
	rootObject = A77EB43D1F5ABE0A00D1B9BD /* Project object */;
}
